
Microsoft Visual Studio Solution File, Format Version 12.00
# Visual Studio Version 17
VisualStudioVersion = 17.6.33815.320
MinimumVisualStudioVersion = 10.0.40219.1
Project("{FAE04EC0-301F-11D3-BF4B-00C04F79EFBC}") = "Independent_work_ diner", "Independent_work_ diner\Independent_work_ diner.csproj", "{0CB68425-8298-4A7A-A69A-D3EFEF903F54}"
EndProject
Global
	GlobalSection(SolutionConfigurationPlatforms) = preSolution
		Debug|Any CPU = Debug|Any CPU
		Release|Any CPU = Release|Any CPU
	EndGlobalSection
	GlobalSection(ProjectConfigurationPlatforms) = postSolution
		{0CB68425-8298-4A7A-A69A-D3EFEF903F54}.Debug|Any CPU.ActiveCfg = Debug|Any CPU
		{0CB68425-8298-4A7A-A69A-D3EFEF903F54}.Debug|Any CPU.Build.0 = Debug|Any CPU
		{0CB68425-8298-4A7A-A69A-D3EFEF903F54}.Release|Any CPU.ActiveCfg = Release|Any CPU
		{0CB68425-8298-4A7A-A69A-D3EFEF903F54}.Release|Any CPU.Build.0 = Release|Any CPU
	EndGlobalSection
	GlobalSection(SolutionProperties) = preSolution
		HideSolutionNode = FALSE
	EndGlobalSection
	GlobalSection(ExtensibilityGlobals) = postSolution
		SolutionGuid = {42449151-2554-41CA-BC74-F5C93DEF2F9B}
	EndGlobalSection
EndGlobal
